# generated by rye
# use `rye lock` or `rye sync` to update this lockfile
#
# last locked with the following flags:
#   pre: false
#   features: []
#   all-features: false
#   with-sources: false

-e file:.
argcomplete==3.2.3
    # via commitizen
charset-normalizer==3.3.2
    # via commitizen
colorama==0.4.6
    # via commitizen
commitizen==3.20.0
    # via docker-syncthing
decli==0.6.1
    # via commitizen
importlib-metadata==7.1.0
    # via commitizen
jinja2==3.1.3
    # via commitizen
markupsafe==2.1.5
    # via jinja2
packaging==24.0
    # via commitizen
prompt-toolkit==3.0.36
    # via questionary
pyyaml==6.0.1
    # via commitizen
questionary==2.0.1
    # via commitizen
termcolor==2.4.0
    # via commitizen
tomlkit==0.12.4
    # via commitizen
wcwidth==0.2.13
    # via prompt-toolkit
zipp==3.18.1
    # via importlib-metadata
